<Solution>
  <Configurations>
    <Configuration Name="Debug" />
    <Configuration Name="Release" />
    <Platform Name="x64" />
    <Platform Name="x86" />
  </Configurations>
  <Folder Name="/Solution Items/" />
  <Project Path="Shuffle.vcxproj" Id="9b49430d-78c3-4664-967c-b0668491ed4c" />
</Solution>
